// !$*UTF8*$!
{
	archiveVersion = 1;
	classes = {
	};
	objectVersion = 50;
	objects = {

/* Begin PBXBuildFile section */
		70167E8D24225D5300318496 /* ObervableProtocol.swift in Sources */ = {isa = PBXBuildFile; fileRef = 70167E8C24225D5300318496 /* ObervableProtocol.swift */; };
		7027155C24245EDC006541AE /* Level3.sks in Resources */ = {isa = PBXBuildFile; fileRef = 7027155B24245EDC006541AE /* Level3.sks */; };
		7027155E242460AE006541AE /* DesignCollectable.swift in Sources */ = {isa = PBXBuildFile; fileRef = 7027155D242460AE006541AE /* DesignCollectable.swift */; };
		7032F3BD2427026D007BC5EE /* Level5.sks in Resources */ = {isa = PBXBuildFile; fileRef = 7032F3BC2427026D007BC5EE /* Level5.sks */; };
		7032F3BF2427054F007BC5EE /* PeopleNode.swift in Sources */ = {isa = PBXBuildFile; fileRef = 7032F3BE2427054F007BC5EE /* PeopleNode.swift */; };
		704D2539242BF83A00B1F138 /* Assets.xcassets in Resources */ = {isa = PBXBuildFile; fileRef = 704D2537242BF83A00B1F138 /* Assets.xcassets */; };
		704D253D242BF8E200B1F138 /* FinalCheckpointParticle.sks in Resources */ = {isa = PBXBuildFile; fileRef = 704D253C242BF8E200B1F138 /* FinalCheckpointParticle.sks */; };
		704D253F242C0E1400B1F138 /* AudioHelper.swift in Sources */ = {isa = PBXBuildFile; fileRef = 704D253E242C0E1400B1F138 /* AudioHelper.swift */; };
		704D2541242C161800B1F138 /* error.mp3 in Resources */ = {isa = PBXBuildFile; fileRef = 704D2540242C161800B1F138 /* error.mp3 */; };
		704D2544242C1F0700B1F138 /* jumping.mp3 in Resources */ = {isa = PBXBuildFile; fileRef = 704D2543242C1F0700B1F138 /* jumping.mp3 */; };
		7052C623242599D800C90FAD /* Level4.sks in Resources */ = {isa = PBXBuildFile; fileRef = 7052C622242599D800C90FAD /* Level4.sks */; };
		7052C6252425A9E200C90FAD /* UXCollectable.swift in Sources */ = {isa = PBXBuildFile; fileRef = 7052C6242425A9E200C90FAD /* UXCollectable.swift */; };
		7055205224210B4E007D5E65 /* CodeCollectable.swift in Sources */ = {isa = PBXBuildFile; fileRef = 7055205124210B4E007D5E65 /* CodeCollectable.swift */; };
		7055205424210DCF007D5E65 /* WallShapeNode.swift in Sources */ = {isa = PBXBuildFile; fileRef = 7055205324210DCF007D5E65 /* WallShapeNode.swift */; };
		706FA2DB2423BF0200FD1BAD /* FlashLight.swift in Sources */ = {isa = PBXBuildFile; fileRef = 706FA2DA2423BF0200FD1BAD /* FlashLight.swift */; };
		707C295F242823D000BBF7DA /* CBLParticle.sks in Resources */ = {isa = PBXBuildFile; fileRef = 707C295D242823D000BBF7DA /* CBLParticle.sks */; };
		709DC45C241D170800A55D28 /* PhysicsCategory.swift in Sources */ = {isa = PBXBuildFile; fileRef = 709DC45B241D170800A55D28 /* PhysicsCategory.swift */; };
		709DC45E241D566200A55D28 /* Level2.sks in Resources */ = {isa = PBXBuildFile; fileRef = 709DC45D241D566200A55D28 /* Level2.sks */; };
		709DC460241D5DD500A55D28 /* InteractiveNode.swift in Sources */ = {isa = PBXBuildFile; fileRef = 709DC45F241D5DD500A55D28 /* InteractiveNode.swift */; };
		709DC462241D8A5900A55D28 /* CBLNode.swift in Sources */ = {isa = PBXBuildFile; fileRef = 709DC461241D8A5900A55D28 /* CBLNode.swift */; };
		70B1658F24206F8E007D2B9F /* Level.swift in Sources */ = {isa = PBXBuildFile; fileRef = 70B1658E24206F8E007D2B9F /* Level.swift */; };
		70B252F6241BFAFD00068FD6 /* AppDelegate.swift in Sources */ = {isa = PBXBuildFile; fileRef = 70B252F5241BFAFD00068FD6 /* AppDelegate.swift */; };
		70B252F8241BFAFD00068FD6 /* Level1.sks in Resources */ = {isa = PBXBuildFile; fileRef = 70B252F7241BFAFD00068FD6 /* Level1.sks */; };
		70B252FA241BFAFD00068FD6 /* Actions.sks in Resources */ = {isa = PBXBuildFile; fileRef = 70B252F9241BFAFD00068FD6 /* Actions.sks */; };
		70B252FC241BFAFD00068FD6 /* GameScene.swift in Sources */ = {isa = PBXBuildFile; fileRef = 70B252FB241BFAFD00068FD6 /* GameScene.swift */; };
		70B252FE241BFAFD00068FD6 /* ViewController.swift in Sources */ = {isa = PBXBuildFile; fileRef = 70B252FD241BFAFD00068FD6 /* ViewController.swift */; };
		70B25300241BFB0200068FD6 /* Assets.xcassets in Resources */ = {isa = PBXBuildFile; fileRef = 70B252FF241BFB0200068FD6 /* Assets.xcassets */; };
		70B25303241BFB0200068FD6 /* Main.storyboard in Resources */ = {isa = PBXBuildFile; fileRef = 70B25301241BFB0200068FD6 /* Main.storyboard */; };
		70B25311241C007E00068FD6 /* GameState.swift in Sources */ = {isa = PBXBuildFile; fileRef = 70B25310241C007E00068FD6 /* GameState.swift */; };
		70B25313241C021600068FD6 /* Character.swift in Sources */ = {isa = PBXBuildFile; fileRef = 70B25312241C021600068FD6 /* Character.swift */; };
		70B25316241C051D00068FD6 /* ControlLayer.swift in Sources */ = {isa = PBXBuildFile; fileRef = 70B25315241C051D00068FD6 /* ControlLayer.swift */; };
		70B25319241C05D700068FD6 /* ControlProtocol.swift in Sources */ = {isa = PBXBuildFile; fileRef = 70B25318241C05D700068FD6 /* ControlProtocol.swift */; };
		70B2531C241C0B0700068FD6 /* KeyBoardKeys.swift in Sources */ = {isa = PBXBuildFile; fileRef = 70B2531B241C0B0700068FD6 /* KeyBoardKeys.swift */; };
		70B2531F241C216B00068FD6 /* GameLayer.swift in Sources */ = {isa = PBXBuildFile; fileRef = 70B2531E241C216B00068FD6 /* GameLayer.swift */; };
		70B25321241C326100068FD6 /* Camera.swift in Sources */ = {isa = PBXBuildFile; fileRef = 70B25320241C326100068FD6 /* Camera.swift */; };
		70C3A61B241FDAFA00056E96 /* ProgressBar.swift in Sources */ = {isa = PBXBuildFile; fileRef = 70C3A61A241FDAFA00056E96 /* ProgressBar.swift */; };
		70C3A61D241FE2E300056E96 /* Extension-CGFloat.swift in Sources */ = {isa = PBXBuildFile; fileRef = 70C3A61C241FE2E300056E96 /* Extension-CGFloat.swift */; };
		70C73E0124298F970020F009 /* FinalScene.sks in Resources */ = {isa = PBXBuildFile; fileRef = 70C73E0024298F970020F009 /* FinalScene.sks */; };
		70CE290D242D259A00BEB78B /* jump.wav in Resources */ = {isa = PBXBuildFile; fileRef = 70CE290C242D259A00BEB78B /* jump.wav */; };
		70CE290F242D272100BEB78B /* jumping3.wav in Resources */ = {isa = PBXBuildFile; fileRef = 70CE290E242D272100BEB78B /* jumping3.wav */; };
		70CE2911242D2B5100BEB78B /* click.wav in Resources */ = {isa = PBXBuildFile; fileRef = 70CE2910242D2B5100BEB78B /* click.wav */; };
		70DDED57243534E900A67CE7 /* jetpack.wav in Resources */ = {isa = PBXBuildFile; fileRef = 70DDED56243534E900A67CE7 /* jetpack.wav */; };
		70DDED592435393400A67CE7 /* collectable.wav in Resources */ = {isa = PBXBuildFile; fileRef = 70DDED582435393400A67CE7 /* collectable.wav */; };
		70EAB916241FC2A600F04384 /* HudControl.swift in Sources */ = {isa = PBXBuildFile; fileRef = 70EAB915241FC2A600F04384 /* HudControl.swift */; };
		70F059C0241ED8870011DBB3 /* HudLayer.swift in Sources */ = {isa = PBXBuildFile; fileRef = 70F059BF241ED8870011DBB3 /* HudLayer.swift */; };
/* End PBXBuildFile section */

/* Begin PBXFileReference section */
		70167E8C24225D5300318496 /* ObervableProtocol.swift */ = {isa = PBXFileReference; lastKnownFileType = sourcecode.swift; path = ObervableProtocol.swift; sourceTree = "<group>"; };
		7027155B24245EDC006541AE /* Level3.sks */ = {isa = PBXFileReference; lastKnownFileType = file.sks; path = Level3.sks; sourceTree = "<group>"; };
		7027155D242460AE006541AE /* DesignCollectable.swift */ = {isa = PBXFileReference; lastKnownFileType = sourcecode.swift; path = DesignCollectable.swift; sourceTree = "<group>"; };
		7032F3BC2427026D007BC5EE /* Level5.sks */ = {isa = PBXFileReference; lastKnownFileType = file.sks; path = Level5.sks; sourceTree = "<group>"; };
		7032F3BE2427054F007BC5EE /* PeopleNode.swift */ = {isa = PBXFileReference; lastKnownFileType = sourcecode.swift; path = PeopleNode.swift; sourceTree = "<group>"; };
		704D2537242BF83A00B1F138 /* Assets.xcassets */ = {isa = PBXFileReference; lastKnownFileType = folder.assetcatalog; path = Assets.xcassets; sourceTree = "<group>"; };
		704D253C242BF8E200B1F138 /* FinalCheckpointParticle.sks */ = {isa = PBXFileReference; lastKnownFileType = file.sks; path = FinalCheckpointParticle.sks; sourceTree = "<group>"; };
		704D253E242C0E1400B1F138 /* AudioHelper.swift */ = {isa = PBXFileReference; lastKnownFileType = sourcecode.swift; path = AudioHelper.swift; sourceTree = "<group>"; };
		704D2540242C161800B1F138 /* error.mp3 */ = {isa = PBXFileReference; lastKnownFileType = audio.mp3; path = error.mp3; sourceTree = "<group>"; };
		704D2543242C1F0700B1F138 /* jumping.mp3 */ = {isa = PBXFileReference; lastKnownFileType = audio.mp3; path = jumping.mp3; sourceTree = "<group>"; };
		7052C622242599D800C90FAD /* Level4.sks */ = {isa = PBXFileReference; lastKnownFileType = file.sks; path = Level4.sks; sourceTree = "<group>"; };
		7052C6242425A9E200C90FAD /* UXCollectable.swift */ = {isa = PBXFileReference; lastKnownFileType = sourcecode.swift; path = UXCollectable.swift; sourceTree = "<group>"; };
		7055205124210B4E007D5E65 /* CodeCollectable.swift */ = {isa = PBXFileReference; lastKnownFileType = sourcecode.swift; path = CodeCollectable.swift; sourceTree = "<group>"; };
		7055205324210DCF007D5E65 /* WallShapeNode.swift */ = {isa = PBXFileReference; lastKnownFileType = sourcecode.swift; path = WallShapeNode.swift; sourceTree = "<group>"; };
		706FA2DA2423BF0200FD1BAD /* FlashLight.swift */ = {isa = PBXFileReference; lastKnownFileType = sourcecode.swift; path = FlashLight.swift; sourceTree = "<group>"; };
		707C295D242823D000BBF7DA /* CBLParticle.sks */ = {isa = PBXFileReference; lastKnownFileType = file.sks; path = CBLParticle.sks; sourceTree = "<group>"; };
		709DC45B241D170800A55D28 /* PhysicsCategory.swift */ = {isa = PBXFileReference; lastKnownFileType = sourcecode.swift; path = PhysicsCategory.swift; sourceTree = "<group>"; };
		709DC45D241D566200A55D28 /* Level2.sks */ = {isa = PBXFileReference; lastKnownFileType = file.sks; path = Level2.sks; sourceTree = "<group>"; };
		709DC45F241D5DD500A55D28 /* InteractiveNode.swift */ = {isa = PBXFileReference; lastKnownFileType = sourcecode.swift; path = InteractiveNode.swift; sourceTree = "<group>"; };
		709DC461241D8A5900A55D28 /* CBLNode.swift */ = {isa = PBXFileReference; lastKnownFileType = sourcecode.swift; path = CBLNode.swift; sourceTree = "<group>"; };
		70B1658E24206F8E007D2B9F /* Level.swift */ = {isa = PBXFileReference; lastKnownFileType = sourcecode.swift; path = Level.swift; sourceTree = "<group>"; };
		70B252F2241BFAFD00068FD6 /* WWDC2020.app */ = {isa = PBXFileReference; explicitFileType = wrapper.application; includeInIndex = 0; path = WWDC2020.app; sourceTree = BUILT_PRODUCTS_DIR; };
		70B252F5241BFAFD00068FD6 /* AppDelegate.swift */ = {isa = PBXFileReference; lastKnownFileType = sourcecode.swift; path = AppDelegate.swift; sourceTree = "<group>"; };
		70B252F7241BFAFD00068FD6 /* Level1.sks */ = {isa = PBXFileReference; lastKnownFileType = file.sks; path = Level1.sks; sourceTree = "<group>"; };
		70B252F9241BFAFD00068FD6 /* Actions.sks */ = {isa = PBXFileReference; lastKnownFileType = file.sks; path = Actions.sks; sourceTree = "<group>"; };
		70B252FB241BFAFD00068FD6 /* GameScene.swift */ = {isa = PBXFileReference; lastKnownFileType = sourcecode.swift; path = GameScene.swift; sourceTree = "<group>"; };
		70B252FD241BFAFD00068FD6 /* ViewController.swift */ = {isa = PBXFileReference; lastKnownFileType = sourcecode.swift; path = ViewController.swift; sourceTree = "<group>"; };
		70B252FF241BFB0200068FD6 /* Assets.xcassets */ = {isa = PBXFileReference; lastKnownFileType = folder.assetcatalog; path = Assets.xcassets; sourceTree = "<group>"; };
		70B25302241BFB0200068FD6 /* Base */ = {isa = PBXFileReference; lastKnownFileType = file.storyboard; name = Base; path = Base.lproj/Main.storyboard; sourceTree = "<group>"; };
		70B25304241BFB0200068FD6 /* Info.plist */ = {isa = PBXFileReference; lastKnownFileType = text.plist.xml; path = Info.plist; sourceTree = "<group>"; };
		70B25305241BFB0200068FD6 /* WWDC2020.entitlements */ = {isa = PBXFileReference; lastKnownFileType = text.plist.entitlements; path = WWDC2020.entitlements; sourceTree = "<group>"; };
		70B25310241C007E00068FD6 /* GameState.swift */ = {isa = PBXFileReference; lastKnownFileType = sourcecode.swift; path = GameState.swift; sourceTree = "<group>"; };
		70B25312241C021600068FD6 /* Character.swift */ = {isa = PBXFileReference; lastKnownFileType = sourcecode.swift; path = Character.swift; sourceTree = "<group>"; };
		70B25315241C051D00068FD6 /* ControlLayer.swift */ = {isa = PBXFileReference; lastKnownFileType = sourcecode.swift; path = ControlLayer.swift; sourceTree = "<group>"; };
		70B25318241C05D700068FD6 /* ControlProtocol.swift */ = {isa = PBXFileReference; lastKnownFileType = sourcecode.swift; path = ControlProtocol.swift; sourceTree = "<group>"; };
		70B2531B241C0B0700068FD6 /* KeyBoardKeys.swift */ = {isa = PBXFileReference; lastKnownFileType = sourcecode.swift; path = KeyBoardKeys.swift; sourceTree = "<group>"; };
		70B2531E241C216B00068FD6 /* GameLayer.swift */ = {isa = PBXFileReference; lastKnownFileType = sourcecode.swift; path = GameLayer.swift; sourceTree = "<group>"; };
		70B25320241C326100068FD6 /* Camera.swift */ = {isa = PBXFileReference; lastKnownFileType = sourcecode.swift; path = Camera.swift; sourceTree = "<group>"; };
		70C3A61A241FDAFA00056E96 /* ProgressBar.swift */ = {isa = PBXFileReference; lastKnownFileType = sourcecode.swift; path = ProgressBar.swift; sourceTree = "<group>"; };
		70C3A61C241FE2E300056E96 /* Extension-CGFloat.swift */ = {isa = PBXFileReference; lastKnownFileType = sourcecode.swift; path = "Extension-CGFloat.swift"; sourceTree = "<group>"; };
		70C73E0024298F970020F009 /* FinalScene.sks */ = {isa = PBXFileReference; lastKnownFileType = file.sks; path = FinalScene.sks; sourceTree = "<group>"; };
		70CE290C242D259A00BEB78B /* jump.wav */ = {isa = PBXFileReference; lastKnownFileType = audio.wav; path = jump.wav; sourceTree = "<group>"; };
		70CE290E242D272100BEB78B /* jumping3.wav */ = {isa = PBXFileReference; lastKnownFileType = audio.wav; path = jumping3.wav; sourceTree = "<group>"; };
		70CE2910242D2B5100BEB78B /* click.wav */ = {isa = PBXFileReference; lastKnownFileType = audio.wav; path = click.wav; sourceTree = "<group>"; };
		70DDED56243534E900A67CE7 /* jetpack.wav */ = {isa = PBXFileReference; lastKnownFileType = audio.wav; path = jetpack.wav; sourceTree = "<group>"; };
		70DDED582435393400A67CE7 /* collectable.wav */ = {isa = PBXFileReference; lastKnownFileType = audio.wav; path = collectable.wav; sourceTree = "<group>"; };
		70EAB915241FC2A600F04384 /* HudControl.swift */ = {isa = PBXFileReference; lastKnownFileType = sourcecode.swift; path = HudControl.swift; sourceTree = "<group>"; };
		70F059BF241ED8870011DBB3 /* HudLayer.swift */ = {isa = PBXFileReference; lastKnownFileType = sourcecode.swift; path = HudLayer.swift; sourceTree = "<group>"; };
/* End PBXFileReference section */

/* Begin PBXFrameworksBuildPhase section */
		70B252EF241BFAFD00068FD6 /* Frameworks */ = {
			isa = PBXFrameworksBuildPhase;
			buildActionMask = 2147483647;
			files = (
			);
			runOnlyForDeploymentPostprocessing = 0;
		};
/* End PBXFrameworksBuildPhase section */

/* Begin PBXGroup section */
		704D2542242C163600B1F138 /* SoundsEffect */ = {
			isa = PBXGroup;
			children = (
				70DDED582435393400A67CE7 /* collectable.wav */,
				70DDED56243534E900A67CE7 /* jetpack.wav */,
				70CE2910242D2B5100BEB78B /* click.wav */,
				70CE290E242D272100BEB78B /* jumping3.wav */,
				70CE290C242D259A00BEB78B /* jump.wav */,
				704D2543242C1F0700B1F138 /* jumping.mp3 */,
				704D2540242C161800B1F138 /* error.mp3 */,
			);
			path = SoundsEffect;
			sourceTree = "<group>";
		};
		70552055242112E6007D5E65 /* Protocols */ = {
			isa = PBXGroup;
			children = (
				709DC45F241D5DD500A55D28 /* InteractiveNode.swift */,
				70167E8C24225D5300318496 /* ObervableProtocol.swift */,
			);
			path = Protocols;
			sourceTree = "<group>";
		};
		707C295C2428238600BBF7DA /* Particles */ = {
			isa = PBXGroup;
			children = (
				707C295D242823D000BBF7DA /* CBLParticle.sks */,
				704D2537242BF83A00B1F138 /* Assets.xcassets */,
				704D253C242BF8E200B1F138 /* FinalCheckpointParticle.sks */,
			);
			path = Particles;
			sourceTree = "<group>";
		};
		70B252E9241BFAFD00068FD6 = {
			isa = PBXGroup;
			children = (
				70B252F4241BFAFD00068FD6 /* WWDC2020 */,
				70B252F3241BFAFD00068FD6 /* Products */,
			);
			sourceTree = "<group>";
		};
		70B252F3241BFAFD00068FD6 /* Products */ = {
			isa = PBXGroup;
			children = (
				70B252F2241BFAFD00068FD6 /* WWDC2020.app */,
			);
			name = Products;
			sourceTree = "<group>";
		};
		70B252F4241BFAFD00068FD6 /* WWDC2020 */ = {
			isa = PBXGroup;
			children = (
				70B2530E241BFCC400068FD6 /* Common */,
				70B2530C241BFC8F00068FD6 /* Scenes */,
				707C295C2428238600BBF7DA /* Particles */,
				70B2530B241BFB1500068FD6 /* Models */,
				70B2530D241BFC9F00068FD6 /* Layers */,
				704D2542242C163600B1F138 /* SoundsEffect */,
				70B252FF241BFB0200068FD6 /* Assets.xcassets */,
				70B25301241BFB0200068FD6 /* Main.storyboard */,
				70B25304241BFB0200068FD6 /* Info.plist */,
				70B25305241BFB0200068FD6 /* WWDC2020.entitlements */,
			);
			path = WWDC2020;
			sourceTree = "<group>";
		};
		70B2530B241BFB1500068FD6 /* Models */ = {
			isa = PBXGroup;
			children = (
				70B25312241C021600068FD6 /* Character.swift */,
				709DC461241D8A5900A55D28 /* CBLNode.swift */,
				70C3A61A241FDAFA00056E96 /* ProgressBar.swift */,
				7055205124210B4E007D5E65 /* CodeCollectable.swift */,
				7055205324210DCF007D5E65 /* WallShapeNode.swift */,
				706FA2DA2423BF0200FD1BAD /* FlashLight.swift */,
				7027155D242460AE006541AE /* DesignCollectable.swift */,
				7052C6242425A9E200C90FAD /* UXCollectable.swift */,
				7032F3BE2427054F007BC5EE /* PeopleNode.swift */,
				70552055242112E6007D5E65 /* Protocols */,
			);
			path = Models;
			sourceTree = "<group>";
		};
		70B2530C241BFC8F00068FD6 /* Scenes */ = {
			isa = PBXGroup;
			children = (
				70B252FB241BFAFD00068FD6 /* GameScene.swift */,
				70B252F7241BFAFD00068FD6 /* Level1.sks */,
				70B252F9241BFAFD00068FD6 /* Actions.sks */,
				709DC45D241D566200A55D28 /* Level2.sks */,
				7027155B24245EDC006541AE /* Level3.sks */,
				7052C622242599D800C90FAD /* Level4.sks */,
				7032F3BC2427026D007BC5EE /* Level5.sks */,
				70C73E0024298F970020F009 /* FinalScene.sks */,
			);
			path = Scenes;
			sourceTree = "<group>";
		};
		70B2530D241BFC9F00068FD6 /* Layers */ = {
			isa = PBXGroup;
			children = (
				70B2531D241C1D1B00068FD6 /* GameLayer */,
				70B2531A241C0AF200068FD6 /* Ultils */,
				70B25314241C04FF00068FD6 /* ControlsLayer */,
				70B2530F241C006800068FD6 /* Protocols */,
				70F059C1241ED88E0011DBB3 /* HudLayer */,
			);
			path = Layers;
			sourceTree = "<group>";
		};
		70B2530E241BFCC400068FD6 /* Common */ = {
			isa = PBXGroup;
			children = (
				70B252F5241BFAFD00068FD6 /* AppDelegate.swift */,
				70B252FD241BFAFD00068FD6 /* ViewController.swift */,
			);
			path = Common;
			sourceTree = "<group>";
		};
		70B2530F241C006800068FD6 /* Protocols */ = {
			isa = PBXGroup;
			children = (
				70B25310241C007E00068FD6 /* GameState.swift */,
			);
			path = Protocols;
			sourceTree = "<group>";
		};
		70B25314241C04FF00068FD6 /* ControlsLayer */ = {
			isa = PBXGroup;
			children = (
				70B25315241C051D00068FD6 /* ControlLayer.swift */,
				70B25317241C05C700068FD6 /* Protocols */,
			);
			path = ControlsLayer;
			sourceTree = "<group>";
		};
		70B25317241C05C700068FD6 /* Protocols */ = {
			isa = PBXGroup;
			children = (
				70B25318241C05D700068FD6 /* ControlProtocol.swift */,
			);
			path = Protocols;
			sourceTree = "<group>";
		};
		70B2531A241C0AF200068FD6 /* Ultils */ = {
			isa = PBXGroup;
			children = (
				709DC45B241D170800A55D28 /* PhysicsCategory.swift */,
				70B2531B241C0B0700068FD6 /* KeyBoardKeys.swift */,
				70B25320241C326100068FD6 /* Camera.swift */,
				70C3A61C241FE2E300056E96 /* Extension-CGFloat.swift */,
				70B1658E24206F8E007D2B9F /* Level.swift */,
				704D253E242C0E1400B1F138 /* AudioHelper.swift */,
			);
			path = Ultils;
			sourceTree = "<group>";
		};
		70B2531D241C1D1B00068FD6 /* GameLayer */ = {
			isa = PBXGroup;
			children = (
				70B2531E241C216B00068FD6 /* GameLayer.swift */,
			);
			path = GameLayer;
			sourceTree = "<group>";
		};
		70EAB917241FC2AC00F04384 /* Protocols */ = {
			isa = PBXGroup;
			children = (
				70EAB915241FC2A600F04384 /* HudControl.swift */,
			);
			path = Protocols;
			sourceTree = "<group>";
		};
		70F059C1241ED88E0011DBB3 /* HudLayer */ = {
			isa = PBXGroup;
			children = (
				70F059BF241ED8870011DBB3 /* HudLayer.swift */,
				70EAB917241FC2AC00F04384 /* Protocols */,
			);
			path = HudLayer;
			sourceTree = "<group>";
		};
/* End PBXGroup section */

/* Begin PBXNativeTarget section */
		70B252F1241BFAFD00068FD6 /* WWDC2020 */ = {
			isa = PBXNativeTarget;
			buildConfigurationList = 70B25308241BFB0200068FD6 /* Build configuration list for PBXNativeTarget "WWDC2020" */;
			buildPhases = (
				70B252EE241BFAFD00068FD6 /* Sources */,
				70B252EF241BFAFD00068FD6 /* Frameworks */,
				70B252F0241BFAFD00068FD6 /* Resources */,
			);
			buildRules = (
			);
			dependencies = (
			);
			name = WWDC2020;
			productName = WWDC2020;
			productReference = 70B252F2241BFAFD00068FD6 /* WWDC2020.app */;
			productType = "com.apple.product-type.application";
		};
/* End PBXNativeTarget section */

/* Begin PBXProject section */
		70B252EA241BFAFD00068FD6 /* Project object */ = {
			isa = PBXProject;
			attributes = {
				LastSwiftUpdateCheck = 1130;
				LastUpgradeCheck = 1130;
				ORGANIZATIONNAME = "Rangel Cardoso Dias";
				TargetAttributes = {
					70B252F1241BFAFD00068FD6 = {
						CreatedOnToolsVersion = 11.3.1;
					};
				};
			};
			buildConfigurationList = 70B252ED241BFAFD00068FD6 /* Build configuration list for PBXProject "WWDC2020" */;
			compatibilityVersion = "Xcode 9.3";
			developmentRegion = en;
			hasScannedForEncodings = 0;
			knownRegions = (
				en,
				Base,
			);
			mainGroup = 70B252E9241BFAFD00068FD6;
			productRefGroup = 70B252F3241BFAFD00068FD6 /* Products */;
			projectDirPath = "";
			projectRoot = "";
			targets = (
				70B252F1241BFAFD00068FD6 /* WWDC2020 */,
			);
		};
/* End PBXProject section */

/* Begin PBXResourcesBuildPhase section */
		70B252F0241BFAFD00068FD6 /* Resources */ = {
			isa = PBXResourcesBuildPhase;
			buildActionMask = 2147483647;
			files = (
				7027155C24245EDC006541AE /* Level3.sks in Resources */,
				70DDED57243534E900A67CE7 /* jetpack.wav in Resources */,
				704D2544242C1F0700B1F138 /* jumping.mp3 in Resources */,
				70B252F8241BFAFD00068FD6 /* Level1.sks in Resources */,
				70B25300241BFB0200068FD6 /* Assets.xcassets in Resources */,
				70CE2911242D2B5100BEB78B /* click.wav in Resources */,
				7052C623242599D800C90FAD /* Level4.sks in Resources */,
				70B252FA241BFAFD00068FD6 /* Actions.sks in Resources */,
				70B25303241BFB0200068FD6 /* Main.storyboard in Resources */,
				704D2541242C161800B1F138 /* error.mp3 in Resources */,
				70DDED592435393400A67CE7 /* collectable.wav in Resources */,
				7032F3BD2427026D007BC5EE /* Level5.sks in Resources */,
				709DC45E241D566200A55D28 /* Level2.sks in Resources */,
				704D253D242BF8E200B1F138 /* FinalCheckpointParticle.sks in Resources */,
				707C295F242823D000BBF7DA /* CBLParticle.sks in Resources */,
				704D2539242BF83A00B1F138 /* Assets.xcassets in Resources */,
				70CE290F242D272100BEB78B /* jumping3.wav in Resources */,
				70CE290D242D259A00BEB78B /* jump.wav in Resources */,
				70C73E0124298F970020F009 /* FinalScene.sks in Resources */,
			);
			runOnlyForDeploymentPostprocessing = 0;
		};
/* End PBXResourcesBuildPhase section */

/* Begin PBXSourcesBuildPhase section */
		70B252EE241BFAFD00068FD6 /* Sources */ = {
			isa = PBXSourcesBuildPhase;
			buildActionMask = 2147483647;
			files = (
				709DC462241D8A5900A55D28 /* CBLNode.swift in Sources */,
				709DC460241D5DD500A55D28 /* InteractiveNode.swift in Sources */,
				70B252FE241BFAFD00068FD6 /* ViewController.swift in Sources */,
				70B25316241C051D00068FD6 /* ControlLayer.swift in Sources */,
				70B2531C241C0B0700068FD6 /* KeyBoardKeys.swift in Sources */,
				7055205424210DCF007D5E65 /* WallShapeNode.swift in Sources */,
				7027155E242460AE006541AE /* DesignCollectable.swift in Sources */,
				70EAB916241FC2A600F04384 /* HudControl.swift in Sources */,
				70C3A61B241FDAFA00056E96 /* ProgressBar.swift in Sources */,
				70167E8D24225D5300318496 /* ObervableProtocol.swift in Sources */,
				70B25311241C007E00068FD6 /* GameState.swift in Sources */,
				706FA2DB2423BF0200FD1BAD /* FlashLight.swift in Sources */,
				70B25313241C021600068FD6 /* Character.swift in Sources */,
				709DC45C241D170800A55D28 /* PhysicsCategory.swift in Sources */,
				70B25319241C05D700068FD6 /* ControlProtocol.swift in Sources */,
				704D253F242C0E1400B1F138 /* AudioHelper.swift in Sources */,
				70F059C0241ED8870011DBB3 /* HudLayer.swift in Sources */,
				70B1658F24206F8E007D2B9F /* Level.swift in Sources */,
				7055205224210B4E007D5E65 /* CodeCollectable.swift in Sources */,
				70B25321241C326100068FD6 /* Camera.swift in Sources */,
				7032F3BF2427054F007BC5EE /* PeopleNode.swift in Sources */,
				7052C6252425A9E200C90FAD /* UXCollectable.swift in Sources */,
				70C3A61D241FE2E300056E96 /* Extension-CGFloat.swift in Sources */,
				70B252FC241BFAFD00068FD6 /* GameScene.swift in Sources */,
				70B2531F241C216B00068FD6 /* GameLayer.swift in Sources */,
				70B252F6241BFAFD00068FD6 /* AppDelegate.swift in Sources */,
			);
			runOnlyForDeploymentPostprocessing = 0;
		};
/* End PBXSourcesBuildPhase section */

/* Begin PBXVariantGroup section */
		70B25301241BFB0200068FD6 /* Main.storyboard */ = {
			isa = PBXVariantGroup;
			children = (
				70B25302241BFB0200068FD6 /* Base */,
			);
			name = Main.storyboard;
			sourceTree = "<group>";
		};
/* End PBXVariantGroup section */

/* Begin XCBuildConfiguration section */
		70B25306241BFB0200068FD6 /* Debug */ = {
			isa = XCBuildConfiguration;
			buildSettings = {
				ALWAYS_SEARCH_USER_PATHS = NO;
				CLANG_ANALYZER_NONNULL = YES;
				CLANG_ANALYZER_NUMBER_OBJECT_CONVERSION = YES_AGGRESSIVE;
				CLANG_CXX_LANGUAGE_STANDARD = "gnu++14";
				CLANG_CXX_LIBRARY = "libc++";
				CLANG_ENABLE_MODULES = YES;
				CLANG_ENABLE_OBJC_ARC = YES;
				CLANG_ENABLE_OBJC_WEAK = YES;
				CLANG_WARN_BLOCK_CAPTURE_AUTORELEASING = YES;
				CLANG_WARN_BOOL_CONVERSION = YES;
				CLANG_WARN_COMMA = YES;
				CLANG_WARN_CONSTANT_CONVERSION = YES;
				CLANG_WARN_DEPRECATED_OBJC_IMPLEMENTATIONS = YES;
				CLANG_WARN_DIRECT_OBJC_ISA_USAGE = YES_ERROR;
				CLANG_WARN_DOCUMENTATION_COMMENTS = YES;
				CLANG_WARN_EMPTY_BODY = YES;
				CLANG_WARN_ENUM_CONVERSION = YES;
				CLANG_WARN_INFINITE_RECURSION = YES;
				CLANG_WARN_INT_CONVERSION = YES;
				CLANG_WARN_NON_LITERAL_NULL_CONVERSION = YES;
				CLANG_WARN_OBJC_IMPLICIT_RETAIN_SELF = YES;
				CLANG_WARN_OBJC_LITERAL_CONVERSION = YES;
				CLANG_WARN_OBJC_ROOT_CLASS = YES_ERROR;
				CLANG_WARN_RANGE_LOOP_ANALYSIS = YES;
				CLANG_WARN_STRICT_PROTOTYPES = YES;
				CLANG_WARN_SUSPICIOUS_MOVE = YES;
				CLANG_WARN_UNGUARDED_AVAILABILITY = YES_AGGRESSIVE;
				CLANG_WARN_UNREACHABLE_CODE = YES;
				CLANG_WARN__DUPLICATE_METHOD_MATCH = YES;
				COPY_PHASE_STRIP = NO;
				DEBUG_INFORMATION_FORMAT = dwarf;
				ENABLE_STRICT_OBJC_MSGSEND = YES;
				ENABLE_TESTABILITY = YES;
				GCC_C_LANGUAGE_STANDARD = gnu11;
				GCC_DYNAMIC_NO_PIC = NO;
				GCC_NO_COMMON_BLOCKS = YES;
				GCC_OPTIMIZATION_LEVEL = 0;
				GCC_PREPROCESSOR_DEFINITIONS = (
					"DEBUG=1",
					"$(inherited)",
				);
				GCC_WARN_64_TO_32_BIT_CONVERSION = YES;
				GCC_WARN_ABOUT_RETURN_TYPE = YES_ERROR;
				GCC_WARN_UNDECLARED_SELECTOR = YES;
				GCC_WARN_UNINITIALIZED_AUTOS = YES_AGGRESSIVE;
				GCC_WARN_UNUSED_FUNCTION = YES;
				GCC_WARN_UNUSED_VARIABLE = YES;
				MACOSX_DEPLOYMENT_TARGET = 10.15;
				MTL_ENABLE_DEBUG_INFO = INCLUDE_SOURCE;
				MTL_FAST_MATH = YES;
				ONLY_ACTIVE_ARCH = YES;
				SDKROOT = macosx;
				SWIFT_ACTIVE_COMPILATION_CONDITIONS = DEBUG;
				SWIFT_OPTIMIZATION_LEVEL = "-Onone";
			};
			name = Debug;
		};
		70B25307241BFB0200068FD6 /* Release */ = {
			isa = XCBuildConfiguration;
			buildSettings = {
				ALWAYS_SEARCH_USER_PATHS = NO;
				CLANG_ANALYZER_NONNULL = YES;
				CLANG_ANALYZER_NUMBER_OBJECT_CONVERSION = YES_AGGRESSIVE;
				CLANG_CXX_LANGUAGE_STANDARD = "gnu++14";
				CLANG_CXX_LIBRARY = "libc++";
				CLANG_ENABLE_MODULES = YES;
				CLANG_ENABLE_OBJC_ARC = YES;
				CLANG_ENABLE_OBJC_WEAK = YES;
				CLANG_WARN_BLOCK_CAPTURE_AUTORELEASING = YES;
				CLANG_WARN_BOOL_CONVERSION = YES;
				CLANG_WARN_COMMA = YES;
				CLANG_WARN_CONSTANT_CONVERSION = YES;
				CLANG_WARN_DEPRECATED_OBJC_IMPLEMENTATIONS = YES;
				CLANG_WARN_DIRECT_OBJC_ISA_USAGE = YES_ERROR;
				CLANG_WARN_DOCUMENTATION_COMMENTS = YES;
				CLANG_WARN_EMPTY_BODY = YES;
				CLANG_WARN_ENUM_CONVERSION = YES;
				CLANG_WARN_INFINITE_RECURSION = YES;
				CLANG_WARN_INT_CONVERSION = YES;
				CLANG_WARN_NON_LITERAL_NULL_CONVERSION = YES;
				CLANG_WARN_OBJC_IMPLICIT_RETAIN_SELF = YES;
				CLANG_WARN_OBJC_LITERAL_CONVERSION = YES;
				CLANG_WARN_OBJC_ROOT_CLASS = YES_ERROR;
				CLANG_WARN_RANGE_LOOP_ANALYSIS = YES;
				CLANG_WARN_STRICT_PROTOTYPES = YES;
				CLANG_WARN_SUSPICIOUS_MOVE = YES;
				CLANG_WARN_UNGUARDED_AVAILABILITY = YES_AGGRESSIVE;
				CLANG_WARN_UNREACHABLE_CODE = YES;
				CLANG_WARN__DUPLICATE_METHOD_MATCH = YES;
				COPY_PHASE_STRIP = NO;
				DEBUG_INFORMATION_FORMAT = "dwarf-with-dsym";
				ENABLE_NS_ASSERTIONS = NO;
				ENABLE_STRICT_OBJC_MSGSEND = YES;
				GCC_C_LANGUAGE_STANDARD = gnu11;
				GCC_NO_COMMON_BLOCKS = YES;
				GCC_WARN_64_TO_32_BIT_CONVERSION = YES;
				GCC_WARN_ABOUT_RETURN_TYPE = YES_ERROR;
				GCC_WARN_UNDECLARED_SELECTOR = YES;
				GCC_WARN_UNINITIALIZED_AUTOS = YES_AGGRESSIVE;
				GCC_WARN_UNUSED_FUNCTION = YES;
				GCC_WARN_UNUSED_VARIABLE = YES;
				MACOSX_DEPLOYMENT_TARGET = 10.15;
				MTL_ENABLE_DEBUG_INFO = NO;
				MTL_FAST_MATH = YES;
				SDKROOT = macosx;
				SWIFT_COMPILATION_MODE = wholemodule;
				SWIFT_OPTIMIZATION_LEVEL = "-O";
			};
			name = Release;
		};
		70B25309241BFB0200068FD6 /* Debug */ = {
			isa = XCBuildConfiguration;
			buildSettings = {
				ASSETCATALOG_COMPILER_APPICON_NAME = AppIcon;
				CODE_SIGN_ENTITLEMENTS = WWDC2020/WWDC2020.entitlements;
				CODE_SIGN_STYLE = Automatic;
				COMBINE_HIDPI_IMAGES = YES;
				DEVELOPMENT_TEAM = 536JJFH3JQ;
				ENABLE_HARDENED_RUNTIME = YES;
				INFOPLIST_FILE = WWDC2020/Info.plist;
				LD_RUNPATH_SEARCH_PATHS = (
					"$(inherited)",
					"@executable_path/../Frameworks",
				);
				PRODUCT_BUNDLE_IDENTIFIER = rangel.WWDC2020;
				PRODUCT_NAME = "$(TARGET_NAME)";
				SWIFT_VERSION = 5.0;
			};
			name = Debug;
		};
		70B2530A241BFB0200068FD6 /* Release */ = {
			isa = XCBuildConfiguration;
			buildSettings = {
				ASSETCATALOG_COMPILER_APPICON_NAME = AppIcon;
				CODE_SIGN_ENTITLEMENTS = WWDC2020/WWDC2020.entitlements;
				CODE_SIGN_STYLE = Automatic;
				COMBINE_HIDPI_IMAGES = YES;
				DEVELOPMENT_TEAM = 536JJFH3JQ;
				ENABLE_HARDENED_RUNTIME = YES;
				INFOPLIST_FILE = WWDC2020/Info.plist;
				LD_RUNPATH_SEARCH_PATHS = (
					"$(inherited)",
					"@executable_path/../Frameworks",
				);
				PRODUCT_BUNDLE_IDENTIFIER = rangel.WWDC2020;
				PRODUCT_NAME = "$(TARGET_NAME)";
				SWIFT_VERSION = 5.0;
			};
			name = Release;
		};
/* End XCBuildConfiguration section */

/* Begin XCConfigurationList section */
		70B252ED241BFAFD00068FD6 /* Build configuration list for PBXProject "WWDC2020" */ = {
			isa = XCConfigurationList;
			buildConfigurations = (
				70B25306241BFB0200068FD6 /* Debug */,
				70B25307241BFB0200068FD6 /* Release */,
			);
			defaultConfigurationIsVisible = 0;
			defaultConfigurationName = Release;
		};
		70B25308241BFB0200068FD6 /* Build configuration list for PBXNativeTarget "WWDC2020" */ = {
			isa = XCConfigurationList;
			buildConfigurations = (
				70B25309241BFB0200068FD6 /* Debug */,
				70B2530A241BFB0200068FD6 /* Release */,
			);
			defaultConfigurationIsVisible = 0;
			defaultConfigurationName = Release;
		};
/* End XCConfigurationList section */
	};
	rootObject = 70B252EA241BFAFD00068FD6 /* Project object */;
}
